
Microsoft Visual Studio Solution File, Format Version 12.00
# Visual Studio Version 17
VisualStudioVersion = 17.9.34723.18
MinimumVisualStudioVersion = 10.0.40219.1
Project("{9A19103F-16F7-4668-BE54-9A1E7A4F7556}") = "CRUDTut", "CRUDTut\CRUDTut.csproj", "{365FFABB-F0E0-494C-B3F7-35EAA80492FE}"
EndProject
Global
	GlobalSection(SolutionConfigurationPlatforms) = preSolution
		Debug|Any CPU = Debug|Any CPU
		Release|Any CPU = Release|Any CPU
	EndGlobalSection
	GlobalSection(ProjectConfigurationPlatforms) = postSolution
		{365FFABB-F0E0-494C-B3F7-35EAA80492FE}.Debug|Any CPU.ActiveCfg = Debug|Any CPU
		{365FFABB-F0E0-494C-B3F7-35EAA80492FE}.Debug|Any CPU.Build.0 = Debug|Any CPU
		{365FFABB-F0E0-494C-B3F7-35EAA80492FE}.Release|Any CPU.ActiveCfg = Release|Any CPU
		{365FFABB-F0E0-494C-B3F7-35EAA80492FE}.Release|Any CPU.Build.0 = Release|Any CPU
	EndGlobalSection
	GlobalSection(SolutionProperties) = preSolution
		HideSolutionNode = FALSE
	EndGlobalSection
	GlobalSection(ExtensibilityGlobals) = postSolution
		SolutionGuid = {E8130D30-6F8A-469C-A192-4D4F3691A4C5}
	EndGlobalSection
EndGlobal
